
Microsoft Visual Studio Solution File, Format Version 12.00
# Visual Studio 2013
VisualStudioVersion = 12.0.40629.0
MinimumVisualStudioVersion = 10.0.40219.1
Project("{FAE04EC0-301F-11D3-BF4B-00C04F79EFBC}") = "PetGame", "PetGame\PetGame.csproj", "{B68224B7-6763-4E0D-895D-7C7A57D495E1}"
EndProject
Project("{00D1A9C2-B5F0-4AF3-8072-F6C62B433612}") = "PetGame.Db", "PetGame.Db\PetGame.Db.sqlproj", "{8AFB9A47-79E6-4C3A-A270-08632447F5BB}"
EndProject
Project("{FAE04EC0-301F-11D3-BF4B-00C04F79EFBC}") = "PetGame.Repositories", "PetGame.Repositories\PetGame.Repositories.csproj", "{E68EA41C-6135-47F1-B9AF-05549147AFE0}"
EndProject
Project("{FAE04EC0-301F-11D3-BF4B-00C04F79EFBC}") = "PetGame.Models", "PetGame.Models\PetGame.Models.csproj", "{699AAB38-8440-4184-AD10-A9710F1172A8}"
EndProject
Project("{FAE04EC0-301F-11D3-BF4B-00C04F79EFBC}") = "PetGame.Services", "PetGame.Services\PetGame.Services.csproj", "{78F9842B-5F16-44E4-B747-7B503A9D6C18}"
EndProject
Project("{FAE04EC0-301F-11D3-BF4B-00C04F79EFBC}") = "PetGame.Specs", "PetGame.Specs\PetGame.Specs.csproj", "{A6161D9B-514C-4C87-80CE-57BF2FEAEE77}"
EndProject
Project("{FAE04EC0-301F-11D3-BF4B-00C04F79EFBC}") = "PetGame.Tests", "PetGame.Tests\PetGame.Tests.csproj", "{7255CCCC-768B-4086-9523-317427A202F0}"
EndProject
Global
	GlobalSection(SolutionConfigurationPlatforms) = preSolution
		Debug|Any CPU = Debug|Any CPU
		Release|Any CPU = Release|Any CPU
	EndGlobalSection
	GlobalSection(ProjectConfigurationPlatforms) = postSolution
		{B68224B7-6763-4E0D-895D-7C7A57D495E1}.Debug|Any CPU.ActiveCfg = Debug|Any CPU
		{B68224B7-6763-4E0D-895D-7C7A57D495E1}.Debug|Any CPU.Build.0 = Debug|Any CPU
		{B68224B7-6763-4E0D-895D-7C7A57D495E1}.Release|Any CPU.ActiveCfg = Release|Any CPU
		{B68224B7-6763-4E0D-895D-7C7A57D495E1}.Release|Any CPU.Build.0 = Release|Any CPU
		{8AFB9A47-79E6-4C3A-A270-08632447F5BB}.Debug|Any CPU.ActiveCfg = Debug|Any CPU
		{8AFB9A47-79E6-4C3A-A270-08632447F5BB}.Debug|Any CPU.Build.0 = Debug|Any CPU
		{8AFB9A47-79E6-4C3A-A270-08632447F5BB}.Debug|Any CPU.Deploy.0 = Debug|Any CPU
		{8AFB9A47-79E6-4C3A-A270-08632447F5BB}.Release|Any CPU.ActiveCfg = Release|Any CPU
		{8AFB9A47-79E6-4C3A-A270-08632447F5BB}.Release|Any CPU.Build.0 = Release|Any CPU
		{8AFB9A47-79E6-4C3A-A270-08632447F5BB}.Release|Any CPU.Deploy.0 = Release|Any CPU
		{E68EA41C-6135-47F1-B9AF-05549147AFE0}.Debug|Any CPU.ActiveCfg = Debug|Any CPU
		{E68EA41C-6135-47F1-B9AF-05549147AFE0}.Debug|Any CPU.Build.0 = Debug|Any CPU
		{E68EA41C-6135-47F1-B9AF-05549147AFE0}.Release|Any CPU.ActiveCfg = Release|Any CPU
		{E68EA41C-6135-47F1-B9AF-05549147AFE0}.Release|Any CPU.Build.0 = Release|Any CPU
		{699AAB38-8440-4184-AD10-A9710F1172A8}.Debug|Any CPU.ActiveCfg = Debug|Any CPU
		{699AAB38-8440-4184-AD10-A9710F1172A8}.Debug|Any CPU.Build.0 = Debug|Any CPU
		{699AAB38-8440-4184-AD10-A9710F1172A8}.Release|Any CPU.ActiveCfg = Release|Any CPU
		{699AAB38-8440-4184-AD10-A9710F1172A8}.Release|Any CPU.Build.0 = Release|Any CPU
		{78F9842B-5F16-44E4-B747-7B503A9D6C18}.Debug|Any CPU.ActiveCfg = Debug|Any CPU
		{78F9842B-5F16-44E4-B747-7B503A9D6C18}.Debug|Any CPU.Build.0 = Debug|Any CPU
		{78F9842B-5F16-44E4-B747-7B503A9D6C18}.Release|Any CPU.ActiveCfg = Release|Any CPU
		{78F9842B-5F16-44E4-B747-7B503A9D6C18}.Release|Any CPU.Build.0 = Release|Any CPU
		{A6161D9B-514C-4C87-80CE-57BF2FEAEE77}.Debug|Any CPU.ActiveCfg = Debug|Any CPU
		{A6161D9B-514C-4C87-80CE-57BF2FEAEE77}.Debug|Any CPU.Build.0 = Debug|Any CPU
		{A6161D9B-514C-4C87-80CE-57BF2FEAEE77}.Release|Any CPU.ActiveCfg = Release|Any CPU
		{A6161D9B-514C-4C87-80CE-57BF2FEAEE77}.Release|Any CPU.Build.0 = Release|Any CPU
		{7255CCCC-768B-4086-9523-317427A202F0}.Debug|Any CPU.ActiveCfg = Debug|Any CPU
		{7255CCCC-768B-4086-9523-317427A202F0}.Debug|Any CPU.Build.0 = Debug|Any CPU
		{7255CCCC-768B-4086-9523-317427A202F0}.Release|Any CPU.ActiveCfg = Release|Any CPU
		{7255CCCC-768B-4086-9523-317427A202F0}.Release|Any CPU.Build.0 = Release|Any CPU
	EndGlobalSection
	GlobalSection(SolutionProperties) = preSolution
		HideSolutionNode = FALSE
	EndGlobalSection
EndGlobal
